
Microsoft Visual Studio Solution File, Format Version 12.00
# Visual Studio Version 16
VisualStudioVersion = 16.0.31129.286
MinimumVisualStudioVersion = 10.0.40219.1
Project("{FAE04EC0-301F-11D3-BF4B-00C04F79EFBC}") = "Xerox", "Xerox\Xerox.csproj", "{78968D34-42EF-4A55-8A8F-3793630971A9}"
EndProject
Global
	GlobalSection(SolutionConfigurationPlatforms) = preSolution
		Debug|Any CPU = Debug|Any CPU
		Release|Any CPU = Release|Any CPU
	EndGlobalSection
	GlobalSection(ProjectConfigurationPlatforms) = postSolution
		{78968D34-42EF-4A55-8A8F-3793630971A9}.Debug|Any CPU.ActiveCfg = Debug|Any CPU
		{78968D34-42EF-4A55-8A8F-3793630971A9}.Debug|Any CPU.Build.0 = Debug|Any CPU
		{78968D34-42EF-4A55-8A8F-3793630971A9}.Release|Any CPU.ActiveCfg = Release|Any CPU
		{78968D34-42EF-4A55-8A8F-3793630971A9}.Release|Any CPU.Build.0 = Release|Any CPU
	EndGlobalSection
	GlobalSection(SolutionProperties) = preSolution
		HideSolutionNode = FALSE
	EndGlobalSection
	GlobalSection(ExtensibilityGlobals) = postSolution
		SolutionGuid = {2F713322-7DD7-4B81-846D-2F8C1043EA2D}
	EndGlobalSection
EndGlobal
